<Solution>
  <Folder Name="/src/">
    <Project Path="src/StageFright.Core/StageFright.Core.csproj" />
    <Project Path="src/StageFright.Data/StageFright.Data.csproj" />
    <Project Path="src/StageFright.Maui/StageFright.Maui.csproj" />
    <Project Path="src/StageFright.Plugins/StageFright.Plugins.csproj" />
    <Project Path="src/StageFright.Reports/StageFright.Reports.csproj" />
    <Project Path="src/StageFright.UI/StageFright.UI.csproj" />
  </Folder>
  <Folder Name="/tests/">
    <Project Path="tests/StageFright.Core.Tests/StageFright.Core.Tests.csproj" />
    <Project Path="tests/StageFright.Data.Tests/StageFright.Data.Tests.csproj" />
    <Project Path="tests/StageFright.Integration.Tests/StageFright.Integration.Tests.csproj" />
    <Project Path="tests/StageFright.UI.Tests/StageFright.UI.Tests.csproj" />
  </Folder>
</Solution>
